{
  "requires": true,
  "lockfileVersion": 1,
  "dependencies": {
    "ba64": {
      "version": "3.0.9",
      "resolved": "https://registry.npmjs.org/ba64/-/ba64-3.0.9.tgz",
      "integrity": "sha512-4Ig7uXwZtr04n6JPZBBFPBenKniX2gTsZnbPkWSea5OA70/j8PLWxxbHuCeX1KMFVzovMumGtxSNXTQF+pG6nw=="
    }
  }
}
